// !$*UTF8*$!
{
	archiveVersion = 1;
	classes = {
	};
	objectVersion = 55;
	objects = {

/* Begin PBXBuildFile section */
		BC46CBC6280AFDC8007098AA /* FollowersTitleLabel.swift in Sources */ = {isa = PBXBuildFile; fileRef = BC46CBC5280AFDC8007098AA /* FollowersTitleLabel.swift */; };
		BC46CBC8280B0127007098AA /* FollowersBodyLabel.swift in Sources */ = {isa = PBXBuildFile; fileRef = BC46CBC7280B0127007098AA /* FollowersBodyLabel.swift */; };
		BC46CBCA280B03F5007098AA /* FollowersAlertViewController.swift in Sources */ = {isa = PBXBuildFile; fileRef = BC46CBC9280B03F5007098AA /* FollowersAlertViewController.swift */; };
		BC46CBCC280B440E007098AA /* UIViewController+Ext.swift in Sources */ = {isa = PBXBuildFile; fileRef = BC46CBCB280B440E007098AA /* UIViewController+Ext.swift */; };
		BC46CBD2280C8059007098AA /* Follower.swift in Sources */ = {isa = PBXBuildFile; fileRef = BC46CBD1280C8059007098AA /* Follower.swift */; };
		BC46CBE2280D9C52007098AA /* User.swift in Sources */ = {isa = PBXBuildFile; fileRef = BC46CBE1280D9C52007098AA /* User.swift */; };
		BC46CBE4280DC526007098AA /* NetworkManager.swift in Sources */ = {isa = PBXBuildFile; fileRef = BC46CBE3280DC526007098AA /* NetworkManager.swift */; };
		BC46CBE7280DEF8D007098AA /* FollowerError.swift in Sources */ = {isa = PBXBuildFile; fileRef = BC46CBE6280DEF8D007098AA /* FollowerError.swift */; };
		BC46CBEA280EFACF007098AA /* FollowerCollectionViewCell.swift in Sources */ = {isa = PBXBuildFile; fileRef = BC46CBE9280EFACF007098AA /* FollowerCollectionViewCell.swift */; };
		BC46CBF0280EFD07007098AA /* FollowerAvatarImageView.swift in Sources */ = {isa = PBXBuildFile; fileRef = BC46CBEF280EFD07007098AA /* FollowerAvatarImageView.swift */; };
		BC46CBF52811A456007098AA /* FollowerEmptyStateView.swift in Sources */ = {isa = PBXBuildFile; fileRef = BC46CBF42811A456007098AA /* FollowerEmptyStateView.swift */; };
		BC46CBF928146E81007098AA /* UserInfoVC.swift in Sources */ = {isa = PBXBuildFile; fileRef = BC46CBF828146E81007098AA /* UserInfoVC.swift */; };
		BC8E280A28071ABB00736DE3 /* AppDelegate.swift in Sources */ = {isa = PBXBuildFile; fileRef = BC8E280928071ABB00736DE3 /* AppDelegate.swift */; };
		BC8E280C28071ABB00736DE3 /* SceneDelegate.swift in Sources */ = {isa = PBXBuildFile; fileRef = BC8E280B28071ABB00736DE3 /* SceneDelegate.swift */; };
		BC8E281328071ABE00736DE3 /* Assets.xcassets in Resources */ = {isa = PBXBuildFile; fileRef = BC8E281228071ABE00736DE3 /* Assets.xcassets */; };
		BC8E281628071ABE00736DE3 /* LaunchScreen.storyboard in Resources */ = {isa = PBXBuildFile; fileRef = BC8E281428071ABE00736DE3 /* LaunchScreen.storyboard */; };
		BC8E281E280724C200736DE3 /* SearchViewController.swift in Sources */ = {isa = PBXBuildFile; fileRef = BC8E281D280724C200736DE3 /* SearchViewController.swift */; };
		BC8E28202807253D00736DE3 /* FavoritesListViewController.swift in Sources */ = {isa = PBXBuildFile; fileRef = BC8E281F2807253D00736DE3 /* FavoritesListViewController.swift */; };
		BC8E28222807311B00736DE3 /* FollowersButton.swift in Sources */ = {isa = PBXBuildFile; fileRef = BC8E28212807311B00736DE3 /* FollowersButton.swift */; };
		BC8E2824280736A500736DE3 /* FollowersTextField.swift in Sources */ = {isa = PBXBuildFile; fileRef = BC8E2823280736A500736DE3 /* FollowersTextField.swift */; };
		BC8E282628075E4900736DE3 /* UIView+Ext.swift in Sources */ = {isa = PBXBuildFile; fileRef = BC8E282528075E4900736DE3 /* UIView+Ext.swift */; };
		BC8E28352809BE9000736DE3 /* FollowerListViewController.swift in Sources */ = {isa = PBXBuildFile; fileRef = BC8E28342809BE9000736DE3 /* FollowerListViewController.swift */; };
/* End PBXBuildFile section */

/* Begin PBXFileReference section */
		BC46CBC5280AFDC8007098AA /* FollowersTitleLabel.swift */ = {isa = PBXFileReference; lastKnownFileType = sourcecode.swift; path = FollowersTitleLabel.swift; sourceTree = "<group>"; };
		BC46CBC7280B0127007098AA /* FollowersBodyLabel.swift */ = {isa = PBXFileReference; lastKnownFileType = sourcecode.swift; path = FollowersBodyLabel.swift; sourceTree = "<group>"; };
		BC46CBC9280B03F5007098AA /* FollowersAlertViewController.swift */ = {isa = PBXFileReference; lastKnownFileType = sourcecode.swift; path = FollowersAlertViewController.swift; sourceTree = "<group>"; };
		BC46CBCB280B440E007098AA /* UIViewController+Ext.swift */ = {isa = PBXFileReference; lastKnownFileType = sourcecode.swift; path = "UIViewController+Ext.swift"; sourceTree = "<group>"; };
		BC46CBD1280C8059007098AA /* Follower.swift */ = {isa = PBXFileReference; lastKnownFileType = sourcecode.swift; path = Follower.swift; sourceTree = "<group>"; };
		BC46CBE1280D9C52007098AA /* User.swift */ = {isa = PBXFileReference; lastKnownFileType = sourcecode.swift; path = User.swift; sourceTree = "<group>"; };
		BC46CBE3280DC526007098AA /* NetworkManager.swift */ = {isa = PBXFileReference; lastKnownFileType = sourcecode.swift; path = NetworkManager.swift; sourceTree = "<group>"; };
		BC46CBE6280DEF8D007098AA /* FollowerError.swift */ = {isa = PBXFileReference; lastKnownFileType = sourcecode.swift; path = FollowerError.swift; sourceTree = "<group>"; };
		BC46CBE9280EFACF007098AA /* FollowerCollectionViewCell.swift */ = {isa = PBXFileReference; lastKnownFileType = sourcecode.swift; path = FollowerCollectionViewCell.swift; sourceTree = "<group>"; };
		BC46CBEF280EFD07007098AA /* FollowerAvatarImageView.swift */ = {isa = PBXFileReference; lastKnownFileType = sourcecode.swift; path = FollowerAvatarImageView.swift; sourceTree = "<group>"; };
		BC46CBF42811A456007098AA /* FollowerEmptyStateView.swift */ = {isa = PBXFileReference; lastKnownFileType = sourcecode.swift; path = FollowerEmptyStateView.swift; sourceTree = "<group>"; };
		BC46CBF828146E81007098AA /* UserInfoVC.swift */ = {isa = PBXFileReference; lastKnownFileType = sourcecode.swift; path = UserInfoVC.swift; sourceTree = "<group>"; };
		BC8E280628071ABB00736DE3 /* Followers.app */ = {isa = PBXFileReference; explicitFileType = wrapper.application; includeInIndex = 0; path = Followers.app; sourceTree = BUILT_PRODUCTS_DIR; };
		BC8E280928071ABB00736DE3 /* AppDelegate.swift */ = {isa = PBXFileReference; lastKnownFileType = sourcecode.swift; path = AppDelegate.swift; sourceTree = "<group>"; };
		BC8E280B28071ABB00736DE3 /* SceneDelegate.swift */ = {isa = PBXFileReference; lastKnownFileType = sourcecode.swift; path = SceneDelegate.swift; sourceTree = "<group>"; };
		BC8E281228071ABE00736DE3 /* Assets.xcassets */ = {isa = PBXFileReference; lastKnownFileType = folder.assetcatalog; path = Assets.xcassets; sourceTree = "<group>"; };
		BC8E281528071ABE00736DE3 /* Base */ = {isa = PBXFileReference; lastKnownFileType = file.storyboard; name = Base; path = Base.lproj/LaunchScreen.storyboard; sourceTree = "<group>"; };
		BC8E281728071ABE00736DE3 /* Info.plist */ = {isa = PBXFileReference; lastKnownFileType = text.plist.xml; path = Info.plist; sourceTree = "<group>"; };
		BC8E281D280724C200736DE3 /* SearchViewController.swift */ = {isa = PBXFileReference; lastKnownFileType = sourcecode.swift; path = SearchViewController.swift; sourceTree = "<group>"; };
		BC8E281F2807253D00736DE3 /* FavoritesListViewController.swift */ = {isa = PBXFileReference; lastKnownFileType = sourcecode.swift; path = FavoritesListViewController.swift; sourceTree = "<group>"; };
		BC8E28212807311B00736DE3 /* FollowersButton.swift */ = {isa = PBXFileReference; lastKnownFileType = sourcecode.swift; path = FollowersButton.swift; sourceTree = "<group>"; };
		BC8E2823280736A500736DE3 /* FollowersTextField.swift */ = {isa = PBXFileReference; lastKnownFileType = sourcecode.swift; path = FollowersTextField.swift; sourceTree = "<group>"; };
		BC8E282528075E4900736DE3 /* UIView+Ext.swift */ = {isa = PBXFileReference; lastKnownFileType = sourcecode.swift; path = "UIView+Ext.swift"; sourceTree = "<group>"; };
		BC8E28342809BE9000736DE3 /* FollowerListViewController.swift */ = {isa = PBXFileReference; lastKnownFileType = sourcecode.swift; path = FollowerListViewController.swift; sourceTree = "<group>"; };
/* End PBXFileReference section */

/* Begin PBXFrameworksBuildPhase section */
		BC8E280328071ABB00736DE3 /* Frameworks */ = {
			isa = PBXFrameworksBuildPhase;
			buildActionMask = 2147483647;
			files = (
			);
			runOnlyForDeploymentPostprocessing = 0;
		};
/* End PBXFrameworksBuildPhase section */

/* Begin PBXGroup section */
		BC46CBCD280B54BA007098AA /* Extensions */ = {
			isa = PBXGroup;
			children = (
				BC8E282528075E4900736DE3 /* UIView+Ext.swift */,
				BC46CBCB280B440E007098AA /* UIViewController+Ext.swift */,
			);
			path = Extensions;
			sourceTree = "<group>";
		};
		BC46CBCE280B55C8007098AA /* Screens */ = {
			isa = PBXGroup;
			children = (
				BC8E281D280724C200736DE3 /* SearchViewController.swift */,
				BC8E28342809BE9000736DE3 /* FollowerListViewController.swift */,
				BC46CBF828146E81007098AA /* UserInfoVC.swift */,
				BC8E281F2807253D00736DE3 /* FavoritesListViewController.swift */,
			);
			path = Screens;
			sourceTree = "<group>";
		};
		BC46CBCF280B55DD007098AA /* Custom Views */ = {
			isa = PBXGroup;
			children = (
				BC46CBEC280EFAE2007098AA /* Buttons */,
				BC46CBEE280EFAFB007098AA /* TextFields */,
				BC46CBED280EFAF1007098AA /* Labels */,
				BC46CBEB280EFAD5007098AA /* Cells */,
				BC46CBF1280EFD28007098AA /* Images */,
				BC46CBF72814209A007098AA /* ViewControllers */,
				BC46CBF62811A461007098AA /* Views */,
			);
			path = "Custom Views";
			sourceTree = "<group>";
		};
		BC46CBD0280B5612007098AA /* Support */ = {
			isa = PBXGroup;
			children = (
				BC8E280928071ABB00736DE3 /* AppDelegate.swift */,
				BC8E280B28071ABB00736DE3 /* SceneDelegate.swift */,
				BC8E281228071ABE00736DE3 /* Assets.xcassets */,
				BC8E281428071ABE00736DE3 /* LaunchScreen.storyboard */,
			);
			path = Support;
			sourceTree = "<group>";
		};
		BC46CBE0280D9C36007098AA /* Model */ = {
			isa = PBXGroup;
			children = (
				BC46CBD1280C8059007098AA /* Follower.swift */,
				BC46CBE1280D9C52007098AA /* User.swift */,
			);
			path = Model;
			sourceTree = "<group>";
		};
		BC46CBE5280DD1ED007098AA /* Managers */ = {
			isa = PBXGroup;
			children = (
				BC46CBE3280DC526007098AA /* NetworkManager.swift */,
			);
			path = Managers;
			sourceTree = "<group>";
		};
		BC46CBE8280DEF93007098AA /* Utilities */ = {
			isa = PBXGroup;
			children = (
				BC46CBE6280DEF8D007098AA /* FollowerError.swift */,
			);
			path = Utilities;
			sourceTree = "<group>";
		};
		BC46CBEB280EFAD5007098AA /* Cells */ = {
			isa = PBXGroup;
			children = (
				BC46CBE9280EFACF007098AA /* FollowerCollectionViewCell.swift */,
			);
			path = Cells;
			sourceTree = "<group>";
		};
		BC46CBEC280EFAE2007098AA /* Buttons */ = {
			isa = PBXGroup;
			children = (
				BC8E28212807311B00736DE3 /* FollowersButton.swift */,
			);
			path = Buttons;
			sourceTree = "<group>";
		};
		BC46CBED280EFAF1007098AA /* Labels */ = {
			isa = PBXGroup;
			children = (
				BC46CBC5280AFDC8007098AA /* FollowersTitleLabel.swift */,
				BC46CBC7280B0127007098AA /* FollowersBodyLabel.swift */,
			);
			path = Labels;
			sourceTree = "<group>";
		};
		BC46CBEE280EFAFB007098AA /* TextFields */ = {
			isa = PBXGroup;
			children = (
				BC8E2823280736A500736DE3 /* FollowersTextField.swift */,
			);
			path = TextFields;
			sourceTree = "<group>";
		};
		BC46CBF1280EFD28007098AA /* Images */ = {
			isa = PBXGroup;
			children = (
				BC46CBEF280EFD07007098AA /* FollowerAvatarImageView.swift */,
			);
			path = Images;
			sourceTree = "<group>";
		};
		BC46CBF62811A461007098AA /* Views */ = {
			isa = PBXGroup;
			children = (
				BC46CBF42811A456007098AA /* FollowerEmptyStateView.swift */,
			);
			path = Views;
			sourceTree = "<group>";
		};
		BC46CBF72814209A007098AA /* ViewControllers */ = {
			isa = PBXGroup;
			children = (
				BC46CBC9280B03F5007098AA /* FollowersAlertViewController.swift */,
			);
			path = ViewControllers;
			sourceTree = "<group>";
		};
		BC8E27FD28071ABB00736DE3 = {
			isa = PBXGroup;
			children = (
				BC8E280828071ABB00736DE3 /* Followers */,
				BC8E280728071ABB00736DE3 /* Products */,
			);
			sourceTree = "<group>";
		};
		BC8E280728071ABB00736DE3 /* Products */ = {
			isa = PBXGroup;
			children = (
				BC8E280628071ABB00736DE3 /* Followers.app */,
			);
			name = Products;
			sourceTree = "<group>";
		};
		BC8E280828071ABB00736DE3 /* Followers */ = {
			isa = PBXGroup;
			children = (
				BC46CBE0280D9C36007098AA /* Model */,
				BC46CBE5280DD1ED007098AA /* Managers */,
				BC46CBCE280B55C8007098AA /* Screens */,
				BC46CBCF280B55DD007098AA /* Custom Views */,
				BC46CBCD280B54BA007098AA /* Extensions */,
				BC46CBE8280DEF93007098AA /* Utilities */,
				BC46CBD0280B5612007098AA /* Support */,
				BC8E281728071ABE00736DE3 /* Info.plist */,
			);
			path = Followers;
			sourceTree = "<group>";
		};
/* End PBXGroup section */

/* Begin PBXNativeTarget section */
		BC8E280528071ABB00736DE3 /* Followers */ = {
			isa = PBXNativeTarget;
			buildConfigurationList = BC8E281A28071ABE00736DE3 /* Build configuration list for PBXNativeTarget "Followers" */;
			buildPhases = (
				BC8E280228071ABB00736DE3 /* Sources */,
				BC8E280328071ABB00736DE3 /* Frameworks */,
				BC8E280428071ABB00736DE3 /* Resources */,
			);
			buildRules = (
			);
			dependencies = (
			);
			name = Followers;
			productName = Followers;
			productReference = BC8E280628071ABB00736DE3 /* Followers.app */;
			productType = "com.apple.product-type.application";
		};
/* End PBXNativeTarget section */

/* Begin PBXProject section */
		BC8E27FE28071ABB00736DE3 /* Project object */ = {
			isa = PBXProject;
			attributes = {
				BuildIndependentTargetsInParallel = 1;
				LastSwiftUpdateCheck = 1320;
				LastUpgradeCheck = 1320;
				TargetAttributes = {
					BC8E280528071ABB00736DE3 = {
						CreatedOnToolsVersion = 13.2.1;
					};
				};
			};
			buildConfigurationList = BC8E280128071ABB00736DE3 /* Build configuration list for PBXProject "Followers" */;
			compatibilityVersion = "Xcode 13.0";
			developmentRegion = en;
			hasScannedForEncodings = 0;
			knownRegions = (
				en,
				Base,
			);
			mainGroup = BC8E27FD28071ABB00736DE3;
			productRefGroup = BC8E280728071ABB00736DE3 /* Products */;
			projectDirPath = "";
			projectRoot = "";
			targets = (
				BC8E280528071ABB00736DE3 /* Followers */,
			);
		};
/* End PBXProject section */

/* Begin PBXResourcesBuildPhase section */
		BC8E280428071ABB00736DE3 /* Resources */ = {
			isa = PBXResourcesBuildPhase;
			buildActionMask = 2147483647;
			files = (
				BC8E281628071ABE00736DE3 /* LaunchScreen.storyboard in Resources */,
				BC8E281328071ABE00736DE3 /* Assets.xcassets in Resources */,
			);
			runOnlyForDeploymentPostprocessing = 0;
		};
/* End PBXResourcesBuildPhase section */

/* Begin PBXSourcesBuildPhase section */
		BC8E280228071ABB00736DE3 /* Sources */ = {
			isa = PBXSourcesBuildPhase;
			buildActionMask = 2147483647;
			files = (
				BC46CBF52811A456007098AA /* FollowerEmptyStateView.swift in Sources */,
				BC8E28352809BE9000736DE3 /* FollowerListViewController.swift in Sources */,
				BC8E281E280724C200736DE3 /* SearchViewController.swift in Sources */,
				BC46CBCC280B440E007098AA /* UIViewController+Ext.swift in Sources */,
				BC46CBF0280EFD07007098AA /* FollowerAvatarImageView.swift in Sources */,
				BC8E2824280736A500736DE3 /* FollowersTextField.swift in Sources */,
				BC8E28222807311B00736DE3 /* FollowersButton.swift in Sources */,
				BC46CBC8280B0127007098AA /* FollowersBodyLabel.swift in Sources */,
				BC46CBE2280D9C52007098AA /* User.swift in Sources */,
				BC8E280A28071ABB00736DE3 /* AppDelegate.swift in Sources */,
				BC46CBEA280EFACF007098AA /* FollowerCollectionViewCell.swift in Sources */,
				BC46CBD2280C8059007098AA /* Follower.swift in Sources */,
				BC46CBCA280B03F5007098AA /* FollowersAlertViewController.swift in Sources */,
				BC8E282628075E4900736DE3 /* UIView+Ext.swift in Sources */,
				BC8E28202807253D00736DE3 /* FavoritesListViewController.swift in Sources */,
				BC46CBE7280DEF8D007098AA /* FollowerError.swift in Sources */,
				BC46CBE4280DC526007098AA /* NetworkManager.swift in Sources */,
				BC8E280C28071ABB00736DE3 /* SceneDelegate.swift in Sources */,
				BC46CBC6280AFDC8007098AA /* FollowersTitleLabel.swift in Sources */,
				BC46CBF928146E81007098AA /* UserInfoVC.swift in Sources */,
			);
			runOnlyForDeploymentPostprocessing = 0;
		};
/* End PBXSourcesBuildPhase section */

/* Begin PBXVariantGroup section */
		BC8E281428071ABE00736DE3 /* LaunchScreen.storyboard */ = {
			isa = PBXVariantGroup;
			children = (
				BC8E281528071ABE00736DE3 /* Base */,
			);
			name = LaunchScreen.storyboard;
			sourceTree = "<group>";
		};
/* End PBXVariantGroup section */

/* Begin XCBuildConfiguration section */
		BC8E281828071ABE00736DE3 /* Debug */ = {
			isa = XCBuildConfiguration;
			buildSettings = {
				ALWAYS_SEARCH_USER_PATHS = NO;
				CLANG_ANALYZER_NONNULL = YES;
				CLANG_ANALYZER_NUMBER_OBJECT_CONVERSION = YES_AGGRESSIVE;
				CLANG_CXX_LANGUAGE_STANDARD = "gnu++17";
				CLANG_CXX_LIBRARY = "libc++";
				CLANG_ENABLE_MODULES = YES;
				CLANG_ENABLE_OBJC_ARC = YES;
				CLANG_ENABLE_OBJC_WEAK = YES;
				CLANG_WARN_BLOCK_CAPTURE_AUTORELEASING = YES;
				CLANG_WARN_BOOL_CONVERSION = YES;
				CLANG_WARN_COMMA = YES;
				CLANG_WARN_CONSTANT_CONVERSION = YES;
				CLANG_WARN_DEPRECATED_OBJC_IMPLEMENTATIONS = YES;
				CLANG_WARN_DIRECT_OBJC_ISA_USAGE = YES_ERROR;
				CLANG_WARN_DOCUMENTATION_COMMENTS = YES;
				CLANG_WARN_EMPTY_BODY = YES;
				CLANG_WARN_ENUM_CONVERSION = YES;
				CLANG_WARN_INFINITE_RECURSION = YES;
				CLANG_WARN_INT_CONVERSION = YES;
				CLANG_WARN_NON_LITERAL_NULL_CONVERSION = YES;
				CLANG_WARN_OBJC_IMPLICIT_RETAIN_SELF = YES;
				CLANG_WARN_OBJC_LITERAL_CONVERSION = YES;
				CLANG_WARN_OBJC_ROOT_CLASS = YES_ERROR;
				CLANG_WARN_QUOTED_INCLUDE_IN_FRAMEWORK_HEADER = YES;
				CLANG_WARN_RANGE_LOOP_ANALYSIS = YES;
				CLANG_WARN_STRICT_PROTOTYPES = YES;
				CLANG_WARN_SUSPICIOUS_MOVE = YES;
				CLANG_WARN_UNGUARDED_AVAILABILITY = YES_AGGRESSIVE;
				CLANG_WARN_UNREACHABLE_CODE = YES;
				CLANG_WARN__DUPLICATE_METHOD_MATCH = YES;
				COPY_PHASE_STRIP = NO;
				DEBUG_INFORMATION_FORMAT = dwarf;
				ENABLE_STRICT_OBJC_MSGSEND = YES;
				ENABLE_TESTABILITY = YES;
				GCC_C_LANGUAGE_STANDARD = gnu11;
				GCC_DYNAMIC_NO_PIC = NO;
				GCC_NO_COMMON_BLOCKS = YES;
				GCC_OPTIMIZATION_LEVEL = 0;
				GCC_PREPROCESSOR_DEFINITIONS = (
					"DEBUG=1",
					"$(inherited)",
				);
				GCC_WARN_64_TO_32_BIT_CONVERSION = YES;
				GCC_WARN_ABOUT_RETURN_TYPE = YES_ERROR;
				GCC_WARN_UNDECLARED_SELECTOR = YES;
				GCC_WARN_UNINITIALIZED_AUTOS = YES_AGGRESSIVE;
				GCC_WARN_UNUSED_FUNCTION = YES;
				GCC_WARN_UNUSED_VARIABLE = YES;
				IPHONEOS_DEPLOYMENT_TARGET = 15.2;
				MTL_ENABLE_DEBUG_INFO = INCLUDE_SOURCE;
				MTL_FAST_MATH = YES;
				ONLY_ACTIVE_ARCH = YES;
				SDKROOT = iphoneos;
				SWIFT_ACTIVE_COMPILATION_CONDITIONS = DEBUG;
				SWIFT_OPTIMIZATION_LEVEL = "-Onone";
			};
			name = Debug;
		};
		BC8E281928071ABE00736DE3 /* Release */ = {
			isa = XCBuildConfiguration;
			buildSettings = {
				ALWAYS_SEARCH_USER_PATHS = NO;
				CLANG_ANALYZER_NONNULL = YES;
				CLANG_ANALYZER_NUMBER_OBJECT_CONVERSION = YES_AGGRESSIVE;
				CLANG_CXX_LANGUAGE_STANDARD = "gnu++17";
				CLANG_CXX_LIBRARY = "libc++";
				CLANG_ENABLE_MODULES = YES;
				CLANG_ENABLE_OBJC_ARC = YES;
				CLANG_ENABLE_OBJC_WEAK = YES;
				CLANG_WARN_BLOCK_CAPTURE_AUTORELEASING = YES;
				CLANG_WARN_BOOL_CONVERSION = YES;
				CLANG_WARN_COMMA = YES;
				CLANG_WARN_CONSTANT_CONVERSION = YES;
				CLANG_WARN_DEPRECATED_OBJC_IMPLEMENTATIONS = YES;
				CLANG_WARN_DIRECT_OBJC_ISA_USAGE = YES_ERROR;
				CLANG_WARN_DOCUMENTATION_COMMENTS = YES;
				CLANG_WARN_EMPTY_BODY = YES;
				CLANG_WARN_ENUM_CONVERSION = YES;
				CLANG_WARN_INFINITE_RECURSION = YES;
				CLANG_WARN_INT_CONVERSION = YES;
				CLANG_WARN_NON_LITERAL_NULL_CONVERSION = YES;
				CLANG_WARN_OBJC_IMPLICIT_RETAIN_SELF = YES;
				CLANG_WARN_OBJC_LITERAL_CONVERSION = YES;
				CLANG_WARN_OBJC_ROOT_CLASS = YES_ERROR;
				CLANG_WARN_QUOTED_INCLUDE_IN_FRAMEWORK_HEADER = YES;
				CLANG_WARN_RANGE_LOOP_ANALYSIS = YES;
				CLANG_WARN_STRICT_PROTOTYPES = YES;
				CLANG_WARN_SUSPICIOUS_MOVE = YES;
				CLANG_WARN_UNGUARDED_AVAILABILITY = YES_AGGRESSIVE;
				CLANG_WARN_UNREACHABLE_CODE = YES;
				CLANG_WARN__DUPLICATE_METHOD_MATCH = YES;
				COPY_PHASE_STRIP = NO;
				DEBUG_INFORMATION_FORMAT = "dwarf-with-dsym";
				ENABLE_NS_ASSERTIONS = NO;
				ENABLE_STRICT_OBJC_MSGSEND = YES;
				GCC_C_LANGUAGE_STANDARD = gnu11;
				GCC_NO_COMMON_BLOCKS = YES;
				GCC_WARN_64_TO_32_BIT_CONVERSION = YES;
				GCC_WARN_ABOUT_RETURN_TYPE = YES_ERROR;
				GCC_WARN_UNDECLARED_SELECTOR = YES;
				GCC_WARN_UNINITIALIZED_AUTOS = YES_AGGRESSIVE;
				GCC_WARN_UNUSED_FUNCTION = YES;
				GCC_WARN_UNUSED_VARIABLE = YES;
				IPHONEOS_DEPLOYMENT_TARGET = 15.2;
				MTL_ENABLE_DEBUG_INFO = NO;
				MTL_FAST_MATH = YES;
				SDKROOT = iphoneos;
				SWIFT_COMPILATION_MODE = wholemodule;
				SWIFT_OPTIMIZATION_LEVEL = "-O";
				VALIDATE_PRODUCT = YES;
			};
			name = Release;
		};
		BC8E281B28071ABE00736DE3 /* Debug */ = {
			isa = XCBuildConfiguration;
			buildSettings = {
				ASSETCATALOG_COMPILER_APPICON_NAME = AppIcon;
				ASSETCATALOG_COMPILER_GLOBAL_ACCENT_COLOR_NAME = AccentColor;
				CODE_SIGN_STYLE = Automatic;
				CURRENT_PROJECT_VERSION = 1;
				DEVELOPMENT_TEAM = K33FXWL25N;
				GENERATE_INFOPLIST_FILE = YES;
				INFOPLIST_FILE = Followers/Info.plist;
				INFOPLIST_KEY_UIApplicationSupportsIndirectInputEvents = YES;
				INFOPLIST_KEY_UILaunchStoryboardName = LaunchScreen;
				INFOPLIST_KEY_UISupportedInterfaceOrientations = "";
				INFOPLIST_KEY_UISupportedInterfaceOrientations_iPad = "UIInterfaceOrientationPortrait UIInterfaceOrientationPortraitUpsideDown UIInterfaceOrientationLandscapeLeft UIInterfaceOrientationLandscapeRight";
				INFOPLIST_KEY_UISupportedInterfaceOrientations_iPhone = "UIInterfaceOrientationPortrait UIInterfaceOrientationLandscapeLeft UIInterfaceOrientationLandscapeRight";
				LD_RUNPATH_SEARCH_PATHS = (
					"$(inherited)",
					"@executable_path/Frameworks",
				);
				MARKETING_VERSION = 1.0;
				PRODUCT_BUNDLE_IDENTIFIER = co.AOS.Followers;
				PRODUCT_NAME = "$(TARGET_NAME)";
				SWIFT_EMIT_LOC_STRINGS = YES;
				SWIFT_VERSION = 5.0;
				TARGETED_DEVICE_FAMILY = 1;
			};
			name = Debug;
		};
		BC8E281C28071ABE00736DE3 /* Release */ = {
			isa = XCBuildConfiguration;
			buildSettings = {
				ASSETCATALOG_COMPILER_APPICON_NAME = AppIcon;
				ASSETCATALOG_COMPILER_GLOBAL_ACCENT_COLOR_NAME = AccentColor;
				CODE_SIGN_STYLE = Automatic;
				CURRENT_PROJECT_VERSION = 1;
				DEVELOPMENT_TEAM = K33FXWL25N;
				GENERATE_INFOPLIST_FILE = YES;
				INFOPLIST_FILE = Followers/Info.plist;
				INFOPLIST_KEY_UIApplicationSupportsIndirectInputEvents = YES;
				INFOPLIST_KEY_UILaunchStoryboardName = LaunchScreen;
				INFOPLIST_KEY_UISupportedInterfaceOrientations = "";
				INFOPLIST_KEY_UISupportedInterfaceOrientations_iPad = "UIInterfaceOrientationPortrait UIInterfaceOrientationPortraitUpsideDown UIInterfaceOrientationLandscapeLeft UIInterfaceOrientationLandscapeRight";
				INFOPLIST_KEY_UISupportedInterfaceOrientations_iPhone = "UIInterfaceOrientationPortrait UIInterfaceOrientationLandscapeLeft UIInterfaceOrientationLandscapeRight";
				LD_RUNPATH_SEARCH_PATHS = (
					"$(inherited)",
					"@executable_path/Frameworks",
				);
				MARKETING_VERSION = 1.0;
				PRODUCT_BUNDLE_IDENTIFIER = co.AOS.Followers;
				PRODUCT_NAME = "$(TARGET_NAME)";
				SWIFT_EMIT_LOC_STRINGS = YES;
				SWIFT_VERSION = 5.0;
				TARGETED_DEVICE_FAMILY = 1;
			};
			name = Release;
		};
/* End XCBuildConfiguration section */

/* Begin XCConfigurationList section */
		BC8E280128071ABB00736DE3 /* Build configuration list for PBXProject "Followers" */ = {
			isa = XCConfigurationList;
			buildConfigurations = (
				BC8E281828071ABE00736DE3 /* Debug */,
				BC8E281928071ABE00736DE3 /* Release */,
			);
			defaultConfigurationIsVisible = 0;
			defaultConfigurationName = Release;
		};
		BC8E281A28071ABE00736DE3 /* Build configuration list for PBXNativeTarget "Followers" */ = {
			isa = XCConfigurationList;
			buildConfigurations = (
				BC8E281B28071ABE00736DE3 /* Debug */,
				BC8E281C28071ABE00736DE3 /* Release */,
			);
			defaultConfigurationIsVisible = 0;
			defaultConfigurationName = Release;
		};
/* End XCConfigurationList section */
	};
	rootObject = BC8E27FE28071ABB00736DE3 /* Project object */;
}
